# This file is generated by running "yarn install" inside your project.
# Manual changes might be lost - proceed with caution!

__metadata:
  version: 6
  cacheKey: 8

"@discordjs/builders@npm:^1.6.5":
  version: 1.6.5
  resolution: "@discordjs/builders@npm:1.6.5"
  dependencies:
    "@discordjs/formatters": ^0.3.2
    "@discordjs/util": ^1.0.1
    "@sapphire/shapeshift": ^3.9.2
    discord-api-types: 0.37.50
    fast-deep-equal: ^3.1.3
    ts-mixer: ^6.0.3
    tslib: ^2.6.1
  checksum: 9c5c4d483a79a7c2f73d661433365f2996ae3bc74f95b70a2a31a26b582b7327d45217a78dfe8e304737661731690ef6e34ade7575f63fe8ab61d70ca53b2279
  languageName: node
  linkType: hard

"@discordjs/collection@npm:^1.5.1, @discordjs/collection@npm:^1.5.3":
  version: 1.5.3
  resolution: "@discordjs/collection@npm:1.5.3"
  checksum: fefed19bea0f69053d195f9d9dc8af07ca5d8c9b1064581e0aa14bda2b70e632b93c164d5ef3e4910f5442369612ff4eec8d52a700aec562510c19b223f67023
  languageName: node
  linkType: hard

"@discordjs/formatters@npm:^0.3.2":
  version: 0.3.2
  resolution: "@discordjs/formatters@npm:0.3.2"
  dependencies:
    discord-api-types: 0.37.50
  checksum: 653c88595fc6c25c1beedcd88b05a3f1241fef69844cc96e45f2cd34fea9ff07892c7f3b57edb4008ad59f7e62bca1b7b35400c6200b07ed42eef7189672d509
  languageName: node
  linkType: hard

"@discordjs/rest@npm:^2.0.1":
  version: 2.0.1
  resolution: "@discordjs/rest@npm:2.0.1"
  dependencies:
    "@discordjs/collection": ^1.5.3
    "@discordjs/util": ^1.0.1
    "@sapphire/async-queue": ^1.5.0
    "@sapphire/snowflake": ^3.5.1
    "@vladfrangu/async_event_emitter": ^2.2.2
    discord-api-types: 0.37.50
    magic-bytes.js: ^1.0.15
    tslib: ^2.6.1
    undici: 5.22.1
  checksum: 36e33489293956e6356e68d69857c2ea910aa376be8c530d6aa640f5887d119d2c0abb736b427353bbdad92c534917fd38adb3a8529c87bdd010c75017ae6b27
  languageName: node
  linkType: hard

"@discordjs/util@npm:^1.0.1":
  version: 1.0.1
  resolution: "@discordjs/util@npm:1.0.1"
  checksum: b55d5284cd8306b0e77a303c41fa99dcc650babaf9ef2f02ea38b1f8ecc7218a7694128714343379dbf6b2a402a0851e00862c0d974ad07b8e980722f5139d73
  languageName: node
  linkType: hard

"@discordjs/ws@npm:^1.0.1":
  version: 1.0.1
  resolution: "@discordjs/ws@npm:1.0.1"
  dependencies:
    "@discordjs/collection": ^1.5.3
    "@discordjs/rest": ^2.0.1
    "@discordjs/util": ^1.0.1
    "@sapphire/async-queue": ^1.5.0
    "@types/ws": ^8.5.5
    "@vladfrangu/async_event_emitter": ^2.2.2
    discord-api-types: 0.37.50
    tslib: ^2.6.1
    ws: ^8.13.0
  checksum: d34f17646606dbac82989c3aa3fddd1e2a23da532b96f1fc130a0ddb6735079523f09a70b560b315f3e6634b6336accc48680539e4c62cf34826d79c6304778a
  languageName: node
  linkType: hard

"@favware/colorette-spinner@npm:^1.0.1":
  version: 1.0.1
  resolution: "@favware/colorette-spinner@npm:1.0.1"
  dependencies:
    colorette: "*"
  checksum: 839bfa3bd4480da4ce1c5cf34fe617769ed8c0298ceab440401d5849020d9cf95537a634c33e22f452390cd68034b818cf92c471e360cab0e68be45c954cd636
  languageName: node
  linkType: hard

"@prisma/client@npm:^5.2.0":
  version: 5.2.0
  resolution: "@prisma/client@npm:5.2.0"
  dependencies:
    "@prisma/engines-version": 5.2.0-25.2804dc98259d2ea960602aca6b8e7fdc03c1758f
  peerDependencies:
    prisma: "*"
  peerDependenciesMeta:
    prisma:
      optional: true
  checksum: ad523b7a54e31d365ecac7bdb89f5a89f62e616f5f567f5dd5060e86b122253a4652ea778c0ccbab31906e2170110e808839fbae7ee91a4fd16a8282ee86f5f1
  languageName: node
  linkType: hard

"@prisma/engines-version@npm:5.2.0-25.2804dc98259d2ea960602aca6b8e7fdc03c1758f":
  version: 5.2.0-25.2804dc98259d2ea960602aca6b8e7fdc03c1758f
  resolution: "@prisma/engines-version@npm:5.2.0-25.2804dc98259d2ea960602aca6b8e7fdc03c1758f"
  checksum: 7a0fde44dad7902aef0035a30073c8e3178bccbaf65f688583cf3db94e36d160fd0a52cae8b6422b670facdbd4201861e1d6e2c7371d57ef27b58a2e1c524213
  languageName: node
  linkType: hard

"@prisma/engines@npm:5.2.0":
  version: 5.2.0
  resolution: "@prisma/engines@npm:5.2.0"
  checksum: c4d0a424b211ab5f02c977bd87e03a151a7d297d8448b08ef9de931a0dcebbbea76cdefc15a17fd06dacac692b164fd88b32c23eb84f7822dbaf3d0885b700a7
  languageName: node
  linkType: hard

"@sapphire/async-queue@npm:^1.5.0":
  version: 1.5.0
  resolution: "@sapphire/async-queue@npm:1.5.0"
  checksum: 983dbd1fd1b1798496e5edb6a0db7e4d90015160e1028f20475eab0a92625513f1e8d938bc0305811a9cec461c94e01b1e4191615ff03ba49356f568f3255250
  languageName: node
  linkType: hard

"@sapphire/cli@npm:^1.6.1":
  version: 1.6.1
  resolution: "@sapphire/cli@npm:1.6.1"
  dependencies:
    "@favware/colorette-spinner": ^1.0.1
    "@sapphire/result": ^2.6.3
    colorette: ^2.0.20
    commander: ^10.0.1
    execa: ^7.1.1
    find-up: ^5.0.0
    js-yaml: ^4.1.0
    prompts: ^2.4.2
    tslib: ^2.5.0
  bin:
    sapphire: ./dist/cli.js
  checksum: b13ef4d0a20786813ae77189cb15553a369b3033aa1eb21b5f0408d2dc45d62c8db2067d50f0b0b145a60fdf68d29c65a04c8e470d87197d4cc1e47d7ed238d9
  languageName: node
  linkType: hard

"@sapphire/decorators@npm:^6.0.2":
  version: 6.0.2
  resolution: "@sapphire/decorators@npm:6.0.2"
  dependencies:
    tslib: ^2.6.0
  checksum: b24f33ee14c2014efec9b29ef947e59adc66001e6e4e5f6601063d4e4c86dd0a30bd8eb2c5b67a6231473e76018db1120f416cc94d650280b21462dfe8ca0a02
  languageName: node
  linkType: hard

"@sapphire/discord-utilities@npm:^3.1.0, @sapphire/discord-utilities@npm:^3.1.1":
  version: 3.1.1
  resolution: "@sapphire/discord-utilities@npm:3.1.1"
  dependencies:
    discord-api-types: ^0.37.55
  checksum: 423c9cd541d2dbdbcaa18d7793ae40d557808c348d7fea1c6963b249bb647df3b99ac3fb24024820c8e84ae4300560d927cd7a3cefbf22fa0f0dfd49f5764ee8
  languageName: node
  linkType: hard

"@sapphire/discord.js-utilities@npm:^7.0.1, @sapphire/discord.js-utilities@npm:^7.0.2":
  version: 7.0.2
  resolution: "@sapphire/discord.js-utilities@npm:7.0.2"
  dependencies:
    "@sapphire/discord-utilities": ^3.1.1
    "@sapphire/duration": ^1.1.0
    "@sapphire/utilities": ^3.13.0
    tslib: ^2.6.2
  checksum: 55da08a85cb8113baa19f0b308df521495f9effa478c04b72dc41afa66dcbfff1250171113e7a64c4c847903d63a3de99cdcca467829f79be2f16ca66d0b2980
  languageName: node
  linkType: hard

"@sapphire/duration@npm:^1.1.0":
  version: 1.1.0
  resolution: "@sapphire/duration@npm:1.1.0"
  checksum: bf145249804560e20621fb593110dc4084a7597f04669695250921ccc7ca2e867a1f0a914c3fdfc9d120ee13689668a104b86861f312ffcce293e9551f4359c9
  languageName: node
  linkType: hard

"@sapphire/framework@npm:^4.5.3":
  version: 4.5.3
  resolution: "@sapphire/framework@npm:4.5.3"
  dependencies:
    "@discordjs/builders": ^1.6.5
    "@sapphire/discord-utilities": ^3.1.0
    "@sapphire/discord.js-utilities": ^7.0.1
    "@sapphire/lexure": ^1.1.5
    "@sapphire/pieces": ^3.7.0
    "@sapphire/ratelimits": ^2.4.6
    "@sapphire/result": ^2.6.4
    "@sapphire/stopwatch": ^1.5.0
    "@sapphire/utilities": ^3.13.0
  checksum: 6e1ff4ec93c8581558e12d0dae8d6b37aac8564379ea8dd6ea683977cf4903dfd246b164afac87bb5dcb1c4b83a8a9e22a0f2716ff2bd83aee0eddcc46aba800
  languageName: node
  linkType: hard

"@sapphire/lexure@npm:^1.1.5":
  version: 1.1.5
  resolution: "@sapphire/lexure@npm:1.1.5"
  dependencies:
    "@sapphire/result": ^2.6.4
  checksum: 8a17dc6224c1d10f9570b40226dbc12230920d31b1a59fddabdb246fb8e7daefd3842537ff27be9d96030899d49afe29ffb50eb7842b713184e69b4c142fca47
  languageName: node
  linkType: hard

"@sapphire/pieces@npm:^3.7.0":
  version: 3.7.0
  resolution: "@sapphire/pieces@npm:3.7.0"
  dependencies:
    "@discordjs/collection": ^1.5.1
    "@sapphire/utilities": ^3.13.0
    tslib: ^2.6.0
  checksum: d2187527766c892604b6e49a1d487b58e59b3053ae37b65662705d918d1822e6a818fa6df7eea44a46e9960c4f411abe5e132d4874c445df56ed3211d950d300
  languageName: node
  linkType: hard

"@sapphire/plugin-api@npm:^5.1.1":
  version: 5.1.1
  resolution: "@sapphire/plugin-api@npm:5.1.1"
  dependencies:
    "@types/ws": ^8.5.5
    tldts: ^6.0.14
    tslib: ^2.6.2
    undici: ^5.23.0
  checksum: 11940e21587243ea89023165ccbda6aac1fde5b774fccb1ad143185ed661fb3a36d05a3f83a5b91c4fc24b223eec2d3d78577d1e09c1fde91d0ef355eca9af03
  languageName: node
  linkType: hard

"@sapphire/plugin-editable-commands@npm:^3.0.3":
  version: 3.0.3
  resolution: "@sapphire/plugin-editable-commands@npm:3.0.3"
  dependencies:
    "@skyra/editable-commands": ^3.0.1
  checksum: c4b6953df71447eb74f4b2e36709f04897e63798ac4bab6237da210dfe59b5cdbfd8f5eb31ca83367c2de69957b49a83d1a663de06825a534bcd039788456019
  languageName: node
  linkType: hard

"@sapphire/plugin-logger@npm:^3.0.6":
  version: 3.0.6
  resolution: "@sapphire/plugin-logger@npm:3.0.6"
  dependencies:
    "@sapphire/timestamp": ^1.0.1
    colorette: ^2.0.20
  checksum: 18bb5726a52595aaae7bcd07ec367d5c7ba78fc9eb38c45f84427f67efd2c8066c64f06a67af483489d0dd6866cb7b75a16ad37ceee10d76b30c47fe117fb351
  languageName: node
  linkType: hard

"@sapphire/prettier-config@npm:^2.0.0":
  version: 2.0.0
  resolution: "@sapphire/prettier-config@npm:2.0.0"
  dependencies:
    prettier: ^3.0.0
  checksum: 5e7aa2f3c29587d8bd409d66e75ffa5ff6d6b98df6bdfb82dedb6d43b6134a5ba764d95dfc6b252b92bb4a56f125b22b83737449ee8dbf1d2ff41b0f1b6e87f7
  languageName: node
  linkType: hard

"@sapphire/ratelimits@npm:^2.4.6":
  version: 2.4.6
  resolution: "@sapphire/ratelimits@npm:2.4.6"
  checksum: cbec157ea8dc660a8dd045f2d57100289c5eb1ecd9e9bac786b9703cbd9dcea1d39b7d1ea1ca03dac9e266285ddf1767f50195dc7bf88a7cbd5bf25fcca3174f
  languageName: node
  linkType: hard

"@sapphire/result@npm:^2.6.3, @sapphire/result@npm:^2.6.4":
  version: 2.6.4
  resolution: "@sapphire/result@npm:2.6.4"
  checksum: 37d8af05544bf6fcb9b10cf4aa4d60ab0f0798c4e302f4e401f63b1347602b89b10cbbf6fe789681dc2060ad15c3093c96f86dfbee6ac463dba060cb731d7208
  languageName: node
  linkType: hard

"@sapphire/shapeshift@npm:^3.9.2":
  version: 3.9.2
  resolution: "@sapphire/shapeshift@npm:3.9.2"
  dependencies:
    fast-deep-equal: ^3.1.3
    lodash: ^4.17.21
  checksum: 0d4572281a2a43dc444f56aef7462d16fdc49cdf0e625d521bfeae4b2219e35b53b7752b4e7396e402ce3b1a21c86afc4c3c82ce1547822a6e844116bb220760
  languageName: node
  linkType: hard

"@sapphire/snowflake@npm:^3.5.1":
  version: 3.5.1
  resolution: "@sapphire/snowflake@npm:3.5.1"
  checksum: 8fc025020adab1a7a1a5d2cf07704d598cc1977b50e5fcd3a5dd239f00934dc936d3a4d5ae336e71d8bf1d88ec27aa814b34de79e38ff097b7b9ba5a7977a683
  languageName: node
  linkType: hard

"@sapphire/stopwatch@npm:^1.5.0":
  version: 1.5.0
  resolution: "@sapphire/stopwatch@npm:1.5.0"
  dependencies:
    tslib: ^2.4.0
  checksum: 23c013598d87d2fcc797efe5d2409ae6836b9221d79eacc10b7c2a95f9d694b562b7ad027dc49e9e8125095417199385a15317520fec371bdb8cc7622085e3af
  languageName: node
  linkType: hard

"@sapphire/timestamp@npm:^1.0.1":
  version: 1.0.1
  resolution: "@sapphire/timestamp@npm:1.0.1"
  checksum: 40320946cb8fcbbb610b94019882eb39c900b9af87e4a2d173299efaa062921662d950780c273fd44f4ec9877983d725d28f0b999314f338f3bfc0ab3c45a8cb
  languageName: node
  linkType: hard

"@sapphire/ts-config@npm:^5.0.0":
  version: 5.0.0
  resolution: "@sapphire/ts-config@npm:5.0.0"
  dependencies:
    tslib: ^2.6.2
    typescript: ^5.2.2
  checksum: 5295e70762ec4e710c44d62c0706debb3d651d994b40c55586bfa93e7fae34c4f4f63d047b4fe3e66c4f545ad696485c904e79d2ed4e9ea45c89a0bf305ca945
  languageName: node
  linkType: hard

"@sapphire/utilities@npm:^3.13.0":
  version: 3.13.0
  resolution: "@sapphire/utilities@npm:3.13.0"
  checksum: c2f901c104459e01a24af71871294b700ff188925cf050558880486de6564792df2b7549796dd9fd6f309c12af7d4e2b2d2f4069ec9d4c27d9c3998eca3ac9a9
  languageName: node
  linkType: hard

"@skyra/editable-commands@npm:^3.0.1":
  version: 3.0.1
  resolution: "@skyra/editable-commands@npm:3.0.1"
  checksum: a945fa47d6f5df20396edc268ede830a79fcedb3f3fe57e91cca94e4d0a26af5e4e6f3c673e2eb3b2d182ae6c6acefcd3074df8e072dc647981d1dccda10ade8
  languageName: node
  linkType: hard

"@skyra/env-utilities@npm:^1.2.1":
  version: 1.2.1
  resolution: "@skyra/env-utilities@npm:1.2.1"
  dependencies:
    dotenv: ^16.3.0
    dotenv-expand: ^10.0.0
  checksum: a2695d2ce23a90d33a0de41c8edfb63599740528b82c93df395ea13163b84c48ce76423bbfaf99c49e54cb22e112fad90126c4616a4da9dbee702b625640921c
  languageName: node
  linkType: hard

"@types/node@npm:*":
  version: 20.5.9
  resolution: "@types/node@npm:20.5.9"
  checksum: 717490e94131722144878b4ca1a963ede1673bb8f2ef78c2f5b50b918df6dc9b35e7f8283e5c2a7a9f137730f7c08dc6228e53d4494a94c9ee16881e6ce6caed
  languageName: node
  linkType: hard

"@types/node@npm:^18.17.12":
  version: 18.17.14
  resolution: "@types/node@npm:18.17.14"
  checksum: f96ce1e588426a26cf82440193084f8bbab47bfb3c2e668cf174095f99ce808a20654b2137448c7e88cfd7b6c2b8521ffb6f714f521b3502ac595a0df0bff679
  languageName: node
  linkType: hard

"@types/ws@npm:^8.5.5":
  version: 8.5.5
  resolution: "@types/ws@npm:8.5.5"
  dependencies:
    "@types/node": "*"
  checksum: d00bf8070e6938e3ccf933010921c6ce78ac3606696ce37a393b27a9a603f7bd93ea64f3c5fa295a2f743575ba9c9a9fdb904af0f5fe2229bf2adf0630386e4a
  languageName: node
  linkType: hard

"@vladfrangu/async_event_emitter@npm:^2.2.2":
  version: 2.2.2
  resolution: "@vladfrangu/async_event_emitter@npm:2.2.2"
  checksum: ed948294fea1a2dc8b8f307f4061bf65e2043a946132f288702f0572a806ebe3123b8c7e522e70d2abbd3616f5d67027c9e59df9ef80b0195f7502a848a426ba
  languageName: node
  linkType: hard

"argparse@npm:^2.0.1":
  version: 2.0.1
  resolution: "argparse@npm:2.0.1"
  checksum: 83644b56493e89a254bae05702abf3a1101b4fa4d0ca31df1c9985275a5a5bd47b3c27b7fa0b71098d41114d8ca000e6ed90cad764b306f8a503665e4d517ced
  languageName: node
  linkType: hard

"busboy@npm:^1.6.0":
  version: 1.6.0
  resolution: "busboy@npm:1.6.0"
  dependencies:
    streamsearch: ^1.1.0
  checksum: 32801e2c0164e12106bf236291a00795c3c4e4b709ae02132883fe8478ba2ae23743b11c5735a0aae8afe65ac4b6ca4568b91f0d9fed1fdbc32ede824a73746e
  languageName: node
  linkType: hard

"colorette@npm:*, colorette@npm:^2.0.20":
  version: 2.0.20
  resolution: "colorette@npm:2.0.20"
  checksum: 0c016fea2b91b733eb9f4bcdb580018f52c0bc0979443dad930e5037a968237ac53d9beb98e218d2e9235834f8eebce7f8e080422d6194e957454255bde71d3d
  languageName: node
  linkType: hard

"commander@npm:^10.0.1":
  version: 10.0.1
  resolution: "commander@npm:10.0.1"
  checksum: 436901d64a818295803c1996cd856621a74f30b9f9e28a588e726b2b1670665bccd7c1a77007ebf328729f0139838a88a19265858a0fa7a8728c4656796db948
  languageName: node
  linkType: hard

"cross-spawn@npm:^7.0.3":
  version: 7.0.3
  resolution: "cross-spawn@npm:7.0.3"
  dependencies:
    path-key: ^3.1.0
    shebang-command: ^2.0.0
    which: ^2.0.1
  checksum: 671cc7c7288c3a8406f3c69a3ae2fc85555c04169e9d611def9a675635472614f1c0ed0ef80955d5b6d4e724f6ced67f0ad1bb006c2ea643488fcfef994d7f52
  languageName: node
  linkType: hard

"discord-api-types@npm:0.37.50":
  version: 0.37.50
  resolution: "discord-api-types@npm:0.37.50"
  checksum: 08dc5145dbefda5f52b479cd42d96ac2b8110300861855e1f92cc8a0a6525a4059e32724cd5237490c286f5afd86797a86823238cd5eee016198560bb36f6d43
  languageName: node
  linkType: hard

"discord-api-types@npm:^0.37.55":
  version: 0.37.56
  resolution: "discord-api-types@npm:0.37.56"
  checksum: 797be690af70a846422f955d918a5713a2c8c37bea646e2120996522afbb47fc5893122c1ddcb8f57a285ace6e1fb0237d1e63105444ae52534f0570a2f87f34
  languageName: node
  linkType: hard

"discord.js@npm:^14.13.0":
  version: 14.13.0
  resolution: "discord.js@npm:14.13.0"
  dependencies:
    "@discordjs/builders": ^1.6.5
    "@discordjs/collection": ^1.5.3
    "@discordjs/formatters": ^0.3.2
    "@discordjs/rest": ^2.0.1
    "@discordjs/util": ^1.0.1
    "@discordjs/ws": ^1.0.1
    "@sapphire/snowflake": ^3.5.1
    "@types/ws": ^8.5.5
    discord-api-types: 0.37.50
    fast-deep-equal: ^3.1.3
    lodash.snakecase: ^4.1.1
    tslib: ^2.6.1
    undici: 5.22.1
    ws: ^8.13.0
  checksum: c273645ac2f92a5052914261c40d04f7fbf81f8d2542f7f0ec9b2e5f9006ff7436d7c6254db924a12826b7f3b49cbfdd577807a0a4ed396036e106f39701a167
  languageName: node
  linkType: hard

"dotenv-expand@npm:^10.0.0":
  version: 10.0.0
  resolution: "dotenv-expand@npm:10.0.0"
  checksum: 2a38b470efe0abcb1ac8490421a55e1d764dc9440fd220942bce40965074f3fb00b585f4346020cb0f0f219966ee6b4ee5023458b3e2953fe5b3214de1b314ee
  languageName: node
  linkType: hard

"dotenv@npm:^16.3.0":
  version: 16.3.1
  resolution: "dotenv@npm:16.3.1"
  checksum: 15d75e7279018f4bafd0ee9706593dd14455ddb71b3bcba9c52574460b7ccaf67d5cf8b2c08a5af1a9da6db36c956a04a1192b101ee102a3e0cf8817bbcf3dfd
  languageName: node
  linkType: hard

"dug-bot@workspace:.":
  version: 0.0.0-use.local
  resolution: "dug-bot@workspace:."
  dependencies:
    "@prisma/client": ^5.2.0
    "@sapphire/cli": ^1.6.1
    "@sapphire/decorators": ^6.0.2
    "@sapphire/discord.js-utilities": ^7.0.2
    "@sapphire/framework": ^4.5.3
    "@sapphire/plugin-api": ^5.1.1
    "@sapphire/plugin-editable-commands": ^3.0.3
    "@sapphire/plugin-logger": ^3.0.6
    "@sapphire/prettier-config": ^2.0.0
    "@sapphire/ts-config": ^5.0.0
    "@sapphire/utilities": ^3.13.0
    "@skyra/env-utilities": ^1.2.1
    "@types/node": ^18.17.12
    "@types/ws": ^8.5.5
    colorette: ^2.0.20
    discord.js: ^14.13.0
    fuzzysort: ^2.0.4
    loot-table-advanced: ^1.4.6
    prettier: ^3.0.2
    prisma: ^5.2.0
    tsc-watch: ^6.0.4
    typescript: ^5.2.2
  languageName: unknown
  linkType: soft

"duplexer@npm:~0.1.1":
  version: 0.1.2
  resolution: "duplexer@npm:0.1.2"
  checksum: 62ba61a830c56801db28ff6305c7d289b6dc9f859054e8c982abd8ee0b0a14d2e9a8e7d086ffee12e868d43e2bbe8a964be55ddbd8c8957714c87373c7a4f9b0
  languageName: node
  linkType: hard

"event-stream@npm:=3.3.4":
  version: 3.3.4
  resolution: "event-stream@npm:3.3.4"
  dependencies:
    duplexer: ~0.1.1
    from: ~0
    map-stream: ~0.1.0
    pause-stream: 0.0.11
    split: 0.3
    stream-combiner: ~0.0.4
    through: ~2.3.1
  checksum: 80b467820b6daf824d9fb4345d2daf115a056e5c104463f2e98534e92d196a27f2df5ea2aa085624db26f4c45698905499e881d13bc7c01f7a13eac85be72a22
  languageName: node
  linkType: hard

"execa@npm:^7.1.1":
  version: 7.2.0
  resolution: "execa@npm:7.2.0"
  dependencies:
    cross-spawn: ^7.0.3
    get-stream: ^6.0.1
    human-signals: ^4.3.0
    is-stream: ^3.0.0
    merge-stream: ^2.0.0
    npm-run-path: ^5.1.0
    onetime: ^6.0.0
    signal-exit: ^3.0.7
    strip-final-newline: ^3.0.0
  checksum: 14fd17ba0ca8c87b277584d93b1d9fc24f2a65e5152b31d5eb159a3b814854283eaae5f51efa9525e304447e2f757c691877f7adff8fde5746aae67eb1edd1cc
  languageName: node
  linkType: hard

"fast-deep-equal@npm:^3.1.3":
  version: 3.1.3
  resolution: "fast-deep-equal@npm:3.1.3"
  checksum: e21a9d8d84f53493b6aa15efc9cfd53dd5b714a1f23f67fb5dc8f574af80df889b3bce25dc081887c6d25457cce704e636395333abad896ccdec03abaf1f3f9d
  languageName: node
  linkType: hard

"find-up@npm:^5.0.0":
  version: 5.0.0
  resolution: "find-up@npm:5.0.0"
  dependencies:
    locate-path: ^6.0.0
    path-exists: ^4.0.0
  checksum: 07955e357348f34660bde7920783204ff5a26ac2cafcaa28bace494027158a97b9f56faaf2d89a6106211a8174db650dd9f503f9c0d526b1202d5554a00b9095
  languageName: node
  linkType: hard

"from@npm:~0":
  version: 0.1.7
  resolution: "from@npm:0.1.7"
  checksum: b85125b7890489656eb2e4f208f7654a93ec26e3aefaf3bbbcc0d496fc1941e4405834fcc9fe7333192aa2187905510ace70417bbf9ac6f6f4784a731d986939
  languageName: node
  linkType: hard

"fuzzysort@npm:^2.0.4":
  version: 2.0.4
  resolution: "fuzzysort@npm:2.0.4"
  checksum: 5c498ec452ffc75c4368c52a7c4a490fc4d4129d94eab5f892d7e69d91ee3057259d9ab6924f14cca21f5731e7d91912e6c01669b40ef9b2165924e4b8e65fb5
  languageName: node
  linkType: hard

"get-stream@npm:^6.0.1":
  version: 6.0.1
  resolution: "get-stream@npm:6.0.1"
  checksum: e04ecece32c92eebf5b8c940f51468cd53554dcbb0ea725b2748be583c9523d00128137966afce410b9b051eb2ef16d657cd2b120ca8edafcf5a65e81af63cad
  languageName: node
  linkType: hard

"human-signals@npm:^4.3.0":
  version: 4.3.1
  resolution: "human-signals@npm:4.3.1"
  checksum: 6f12958df3f21b6fdaf02d90896c271df00636a31e2bbea05bddf817a35c66b38a6fdac5863e2df85bd52f34958997f1f50350ff97249e1dff8452865d5235d1
  languageName: node
  linkType: hard

"is-stream@npm:^3.0.0":
  version: 3.0.0
  resolution: "is-stream@npm:3.0.0"
  checksum: 172093fe99119ffd07611ab6d1bcccfe8bc4aa80d864b15f43e63e54b7abc71e779acd69afdb854c4e2a67fdc16ae710e370eda40088d1cfc956a50ed82d8f16
  languageName: node
  linkType: hard

"isexe@npm:^2.0.0":
  version: 2.0.0
  resolution: "isexe@npm:2.0.0"
  checksum: 26bf6c5480dda5161c820c5b5c751ae1e766c587b1f951ea3fcfc973bafb7831ae5b54a31a69bd670220e42e99ec154475025a468eae58ea262f813fdc8d1c62
  languageName: node
  linkType: hard

"js-yaml@npm:^4.1.0":
  version: 4.1.0
  resolution: "js-yaml@npm:4.1.0"
  dependencies:
    argparse: ^2.0.1
  bin:
    js-yaml: bin/js-yaml.js
  checksum: c7830dfd456c3ef2c6e355cc5a92e6700ceafa1d14bba54497b34a99f0376cecbb3e9ac14d3e5849b426d5a5140709a66237a8c991c675431271c4ce5504151a
  languageName: node
  linkType: hard

"kleur@npm:^3.0.3":
  version: 3.0.3
  resolution: "kleur@npm:3.0.3"
  checksum: df82cd1e172f957bae9c536286265a5cdbd5eeca487cb0a3b2a7b41ef959fc61f8e7c0e9aeea9c114ccf2c166b6a8dd45a46fd619c1c569d210ecd2765ad5169
  languageName: node
  linkType: hard

"locate-path@npm:^6.0.0":
  version: 6.0.0
  resolution: "locate-path@npm:6.0.0"
  dependencies:
    p-locate: ^5.0.0
  checksum: 72eb661788a0368c099a184c59d2fee760b3831c9c1c33955e8a19ae4a21b4116e53fa736dc086cdeb9fce9f7cc508f2f92d2d3aae516f133e16a2bb59a39f5a
  languageName: node
  linkType: hard

"lodash.snakecase@npm:^4.1.1":
  version: 4.1.1
  resolution: "lodash.snakecase@npm:4.1.1"
  checksum: 1685ed3e83dda6eae5a4dcaee161a51cd210aabb3e1c09c57150e7dd8feda19e4ca0d27d0631eabe8d0f4eaa51e376da64e8c018ae5415417c5890d42feb72a8
  languageName: node
  linkType: hard

"lodash@npm:^4.17.21":
  version: 4.17.21
  resolution: "lodash@npm:4.17.21"
  checksum: eb835a2e51d381e561e508ce932ea50a8e5a68f4ebdd771ea240d3048244a8d13658acbd502cd4829768c56f2e16bdd4340b9ea141297d472517b83868e677f7
  languageName: node
  linkType: hard

"loot-table-advanced@npm:^1.4.6":
  version: 1.4.6
  resolution: "loot-table-advanced@npm:1.4.6"
  checksum: b00b1549cbc2533ae5900d991152a0a306e64ddd69a102de8d96e991620258d5ca607682cb5a0f56fc89b4f11d494216c78da6068c418dcf8d303f58e869b50a
  languageName: node
  linkType: hard

"magic-bytes.js@npm:^1.0.15":
  version: 1.0.15
  resolution: "magic-bytes.js@npm:1.0.15"
  checksum: cef9a3f92853baa2ad3558bccdbf2332ec0d3f6ffc3d57b1d416709db59d0742773b11e17e3fc671d7a506c4419626a939510800d7bebec978bf73b1a7cbdd98
  languageName: node
  linkType: hard

"map-stream@npm:~0.1.0":
  version: 0.1.0
  resolution: "map-stream@npm:0.1.0"
  checksum: 38abbe4eb883888031e6b2fc0630bc583c99396be16b8ace5794b937b682a8a081f03e8b15bfd4914d1bc88318f0e9ac73ba3512ae65955cd449f63256ddb31d
  languageName: node
  linkType: hard

"merge-stream@npm:^2.0.0":
  version: 2.0.0
  resolution: "merge-stream@npm:2.0.0"
  checksum: 6fa4dcc8d86629705cea944a4b88ef4cb0e07656ebf223fa287443256414283dd25d91c1cd84c77987f2aec5927af1a9db6085757cb43d90eb170ebf4b47f4f4
  languageName: node
  linkType: hard

"mimic-fn@npm:^4.0.0":
  version: 4.0.0
  resolution: "mimic-fn@npm:4.0.0"
  checksum: 995dcece15ee29aa16e188de6633d43a3db4611bcf93620e7e62109ec41c79c0f34277165b8ce5e361205049766e371851264c21ac64ca35499acb5421c2ba56
  languageName: node
  linkType: hard

"node-cleanup@npm:^2.1.2":
  version: 2.1.2
  resolution: "node-cleanup@npm:2.1.2"
  checksum: 584cdc3e42560a998b4579f91ed8f936b27011628f3102e5a1093205f0691cdf8d899287d1f2e4d2071ea4ab1d615810bad6dbe2b988ef173a1cbaa76d8165b3
  languageName: node
  linkType: hard

"npm-run-path@npm:^5.1.0":
  version: 5.1.0
  resolution: "npm-run-path@npm:5.1.0"
  dependencies:
    path-key: ^4.0.0
  checksum: dc184eb5ec239d6a2b990b43236845332ef12f4e0beaa9701de724aa797fe40b6bbd0157fb7639d24d3ab13f5d5cf22d223a19c6300846b8126f335f788bee66
  languageName: node
  linkType: hard

"onetime@npm:^6.0.0":
  version: 6.0.0
  resolution: "onetime@npm:6.0.0"
  dependencies:
    mimic-fn: ^4.0.0
  checksum: 0846ce78e440841335d4e9182ef69d5762e9f38aa7499b19f42ea1c4cd40f0b4446094c455c713f9adac3f4ae86f613bb5e30c99e52652764d06a89f709b3788
  languageName: node
  linkType: hard

"p-limit@npm:^3.0.2":
  version: 3.1.0
  resolution: "p-limit@npm:3.1.0"
  dependencies:
    yocto-queue: ^0.1.0
  checksum: 7c3690c4dbf62ef625671e20b7bdf1cbc9534e83352a2780f165b0d3ceba21907e77ad63401708145ca4e25bfc51636588d89a8c0aeb715e6c37d1c066430360
  languageName: node
  linkType: hard

"p-locate@npm:^5.0.0":
  version: 5.0.0
  resolution: "p-locate@npm:5.0.0"
  dependencies:
    p-limit: ^3.0.2
  checksum: 1623088f36cf1cbca58e9b61c4e62bf0c60a07af5ae1ca99a720837356b5b6c5ba3eb1b2127e47a06865fee59dd0453cad7cc844cda9d5a62ac1a5a51b7c86d3
  languageName: node
  linkType: hard

"path-exists@npm:^4.0.0":
  version: 4.0.0
  resolution: "path-exists@npm:4.0.0"
  checksum: 505807199dfb7c50737b057dd8d351b82c033029ab94cb10a657609e00c1bc53b951cfdbccab8de04c5584d5eff31128ce6afd3db79281874a5ef2adbba55ed1
  languageName: node
  linkType: hard

"path-key@npm:^3.1.0":
  version: 3.1.1
  resolution: "path-key@npm:3.1.1"
  checksum: 55cd7a9dd4b343412a8386a743f9c746ef196e57c823d90ca3ab917f90ab9f13dd0ded27252ba49dbdfcab2b091d998bc446f6220cd3cea65db407502a740020
  languageName: node
  linkType: hard

"path-key@npm:^4.0.0":
  version: 4.0.0
  resolution: "path-key@npm:4.0.0"
  checksum: 8e6c314ae6d16b83e93032c61020129f6f4484590a777eed709c4a01b50e498822b00f76ceaf94bc64dbd90b327df56ceadce27da3d83393790f1219e07721d7
  languageName: node
  linkType: hard

"pause-stream@npm:0.0.11":
  version: 0.0.11
  resolution: "pause-stream@npm:0.0.11"
  dependencies:
    through: ~2.3
  checksum: 3c4a14052a638b92e0c96eb00c0d7977df7f79ea28395250c525d197f1fc02d34ce1165d5362e2e6ebbb251524b94a76f3f0d4abc39ab8b016d97449fe15583c
  languageName: node
  linkType: hard

"prettier@npm:^3.0.0, prettier@npm:^3.0.2":
  version: 3.0.3
  resolution: "prettier@npm:3.0.3"
  bin:
    prettier: bin/prettier.cjs
  checksum: e10b9af02b281f6c617362ebd2571b1d7fc9fb8a3bd17e371754428cda992e5e8d8b7a046e8f7d3e2da1dcd21aa001e2e3c797402ebb6111b5cd19609dd228e0
  languageName: node
  linkType: hard

"prisma@npm:^5.2.0":
  version: 5.2.0
  resolution: "prisma@npm:5.2.0"
  dependencies:
    "@prisma/engines": 5.2.0
  bin:
    prisma: build/index.js
  checksum: 8b99ab5a5f801c72b2eb1809db980bd104dfd699cb14c5d5db5b675566c89e46501267399bb2f02bc3ea8fb86fc2f029cccd7178768109dc4d198bc93552b1da
  languageName: node
  linkType: hard

"prompts@npm:^2.4.2":
  version: 2.4.2
  resolution: "prompts@npm:2.4.2"
  dependencies:
    kleur: ^3.0.3
    sisteransi: ^1.0.5
  checksum: d8fd1fe63820be2412c13bfc5d0a01909acc1f0367e32396962e737cb2fc52d004f3302475d5ce7d18a1e8a79985f93ff04ee03007d091029c3f9104bffc007d
  languageName: node
  linkType: hard

"ps-tree@npm:^1.2.0":
  version: 1.2.0
  resolution: "ps-tree@npm:1.2.0"
  dependencies:
    event-stream: =3.3.4
  bin:
    ps-tree: ./bin/ps-tree.js
  checksum: e635dd00f53d30d31696cf5f95b3a8dbdf9b1aeb36d4391578ce8e8cd22949b7c5536c73b0dc18c78615ea3ddd4be96101166be59ca2e3e3cb1e2f79ba3c7f98
  languageName: node
  linkType: hard

"shebang-command@npm:^2.0.0":
  version: 2.0.0
  resolution: "shebang-command@npm:2.0.0"
  dependencies:
    shebang-regex: ^3.0.0
  checksum: 6b52fe87271c12968f6a054e60f6bde5f0f3d2db483a1e5c3e12d657c488a15474121a1d55cd958f6df026a54374ec38a4a963988c213b7570e1d51575cea7fa
  languageName: node
  linkType: hard

"shebang-regex@npm:^3.0.0":
  version: 3.0.0
  resolution: "shebang-regex@npm:3.0.0"
  checksum: 1a2bcae50de99034fcd92ad4212d8e01eedf52c7ec7830eedcf886622804fe36884278f2be8be0ea5fde3fd1c23911643a4e0f726c8685b61871c8908af01222
  languageName: node
  linkType: hard

"signal-exit@npm:^3.0.7":
  version: 3.0.7
  resolution: "signal-exit@npm:3.0.7"
  checksum: a2f098f247adc367dffc27845853e9959b9e88b01cb301658cfe4194352d8d2bb32e18467c786a7fe15f1d44b233ea35633d076d5e737870b7139949d1ab6318
  languageName: node
  linkType: hard

"sisteransi@npm:^1.0.5":
  version: 1.0.5
  resolution: "sisteransi@npm:1.0.5"
  checksum: aba6438f46d2bfcef94cf112c835ab395172c75f67453fe05c340c770d3c402363018ae1ab4172a1026a90c47eaccf3af7b6ff6fa749a680c2929bd7fa2b37a4
  languageName: node
  linkType: hard

"split@npm:0.3":
  version: 0.3.3
  resolution: "split@npm:0.3.3"
  dependencies:
    through: 2
  checksum: 2e076634c9637cfdc54ab4387b6a243b8c33b360874a25adf6f327a5647f07cb3bf1c755d515248eb3afee4e382278d01f62c62d87263c118f28065b86f74f02
  languageName: node
  linkType: hard

"stream-combiner@npm:~0.0.4":
  version: 0.0.4
  resolution: "stream-combiner@npm:0.0.4"
  dependencies:
    duplexer: ~0.1.1
  checksum: 844b622cfe8b9de45a6007404f613b60aaf85200ab9862299066204242f89a7c8033b1c356c998aa6cfc630f6cd9eba119ec1c6dc1f93e245982be4a847aee7d
  languageName: node
  linkType: hard

"streamsearch@npm:^1.1.0":
  version: 1.1.0
  resolution: "streamsearch@npm:1.1.0"
  checksum: 1cce16cea8405d7a233d32ca5e00a00169cc0e19fbc02aa839959985f267335d435c07f96e5e0edd0eadc6d39c98d5435fb5bbbdefc62c41834eadc5622ad942
  languageName: node
  linkType: hard

"string-argv@npm:^0.3.1":
  version: 0.3.2
  resolution: "string-argv@npm:0.3.2"
  checksum: 8703ad3f3db0b2641ed2adbb15cf24d3945070d9a751f9e74a924966db9f325ac755169007233e8985a39a6a292f14d4fee20482989b89b96e473c4221508a0f
  languageName: node
  linkType: hard

"strip-final-newline@npm:^3.0.0":
  version: 3.0.0
  resolution: "strip-final-newline@npm:3.0.0"
  checksum: 23ee263adfa2070cd0f23d1ac14e2ed2f000c9b44229aec9c799f1367ec001478469560abefd00c5c99ee6f0b31c137d53ec6029c53e9f32a93804e18c201050
  languageName: node
  linkType: hard

"through@npm:2, through@npm:~2.3, through@npm:~2.3.1":
  version: 2.3.8
  resolution: "through@npm:2.3.8"
  checksum: a38c3e059853c494af95d50c072b83f8b676a9ba2818dcc5b108ef252230735c54e0185437618596c790bbba8fcdaef5b290405981ffa09dce67b1f1bf190cbd
  languageName: node
  linkType: hard

"tldts-core@npm:^6.0.14":
  version: 6.0.14
  resolution: "tldts-core@npm:6.0.14"
  checksum: c1946b259ad60d5e158293c52840d5eeaeef8c9804ec2044f1880698c6f962b03eb525e33d297003fc9beb25b8e30c74af654f239c5be6882b374057d949d9c0
  languageName: node
  linkType: hard

"tldts@npm:^6.0.14":
  version: 6.0.14
  resolution: "tldts@npm:6.0.14"
  dependencies:
    tldts-core: ^6.0.14
  bin:
    tldts: bin/cli.js
  checksum: d59264aacbe9d73c5012681bffcd0e430a2a2d79ac438652ef755cb513e5f2af8800f4012486815ee8638139974ec379a1fdc09a72ee15403fe0dda97fc72d42
  languageName: node
  linkType: hard

"ts-mixer@npm:^6.0.3":
  version: 6.0.3
  resolution: "ts-mixer@npm:6.0.3"
  checksum: 7fbaba0a413bf817835a6a23d46bccf4192dd4d7345b6bae9d594c88acffac35bf4995ef3cce753090c8abcdf2afd16dba8899365584a1f960ccc2a15bf2e2d6
  languageName: node
  linkType: hard

"tsc-watch@npm:^6.0.4":
  version: 6.0.4
  resolution: "tsc-watch@npm:6.0.4"
  dependencies:
    cross-spawn: ^7.0.3
    node-cleanup: ^2.1.2
    ps-tree: ^1.2.0
    string-argv: ^0.3.1
  peerDependencies:
    typescript: "*"
  bin:
    tsc-watch: dist/lib/tsc-watch.js
  checksum: f7bf7eefbc5a8bbf7c989edd1e5199ac95ad1654b11ea39bfe7fc2e5a83480926928bd405aebe2cbd783fc6ffac521b9ad650cb300d51d4a9b616b7c69da02da
  languageName: node
  linkType: hard

"tslib@npm:^2.4.0, tslib@npm:^2.5.0, tslib@npm:^2.6.0, tslib@npm:^2.6.1, tslib@npm:^2.6.2":
  version: 2.6.2
  resolution: "tslib@npm:2.6.2"
  checksum: 329ea56123005922f39642318e3d1f0f8265d1e7fcb92c633e0809521da75eeaca28d2cf96d7248229deb40e5c19adf408259f4b9640afd20d13aecc1430f3ad
  languageName: node
  linkType: hard

"typescript@npm:^5.2.2":
  version: 5.2.2
  resolution: "typescript@npm:5.2.2"
  bin:
    tsc: bin/tsc
    tsserver: bin/tsserver
  checksum: 7912821dac4d962d315c36800fe387cdc0a6298dba7ec171b350b4a6e988b51d7b8f051317786db1094bd7431d526b648aba7da8236607febb26cf5b871d2d3c
  languageName: node
  linkType: hard

"typescript@patch:typescript@^5.2.2#~builtin<compat/typescript>":
  version: 5.2.2
  resolution: "typescript@patch:typescript@npm%3A5.2.2#~builtin<compat/typescript>::version=5.2.2&hash=f3b441"
  bin:
    tsc: bin/tsc
    tsserver: bin/tsserver
  checksum: 0f4da2f15e6f1245e49db15801dbee52f2bbfb267e1c39225afdab5afee1a72839cd86000e65ee9d7e4dfaff12239d28beaf5ee431357fcced15fb08583d72ca
  languageName: node
  linkType: hard

"undici@npm:5.22.1":
  version: 5.22.1
  resolution: "undici@npm:5.22.1"
  dependencies:
    busboy: ^1.6.0
  checksum: 048a3365f622be44fb319316cedfaa241c59cf7f3368ae7667a12323447e1822e8cc3d00f6956c852d1478a6fde1cbbe753f49e05f2fdaed229693e716ebaf35
  languageName: node
  linkType: hard

"undici@npm:^5.23.0":
  version: 5.23.0
  resolution: "undici@npm:5.23.0"
  dependencies:
    busboy: ^1.6.0
  checksum: 906ca4fb1d47163d2cee2ecbbc664a1d92508a2cdf1558146621109f525c983a83597910b36e6ba468240e95259be5939cea6babc99fc0c36360b16630f66784
  languageName: node
  linkType: hard

"which@npm:^2.0.1":
  version: 2.0.2
  resolution: "which@npm:2.0.2"
  dependencies:
    isexe: ^2.0.0
  bin:
    node-which: ./bin/node-which
  checksum: 1a5c563d3c1b52d5f893c8b61afe11abc3bab4afac492e8da5bde69d550de701cf9806235f20a47b5c8fa8a1d6a9135841de2596535e998027a54589000e66d1
  languageName: node
  linkType: hard

"ws@npm:^8.13.0":
  version: 8.13.0
  resolution: "ws@npm:8.13.0"
  peerDependencies:
    bufferutil: ^4.0.1
    utf-8-validate: ">=5.0.2"
  peerDependenciesMeta:
    bufferutil:
      optional: true
    utf-8-validate:
      optional: true
  checksum: 53e991bbf928faf5dc6efac9b8eb9ab6497c69feeb94f963d648b7a3530a720b19ec2e0ec037344257e05a4f35bd9ad04d9de6f289615ffb133282031b18c61c
  languageName: node
  linkType: hard

"yocto-queue@npm:^0.1.0":
  version: 0.1.0
  resolution: "yocto-queue@npm:0.1.0"
  checksum: f77b3d8d00310def622123df93d4ee654fc6a0096182af8bd60679ddcdfb3474c56c6c7190817c84a2785648cdee9d721c0154eb45698c62176c322fb46fc700
  languageName: node
  linkType: hard
